Microsoft Visual Studio Solution File, Format Version 12.00
# Visual Studio Version 16
VisualStudioVersion = 16.0.30011.22
MinimumVisualStudioVersion = 10.0.40219.1
Project("{FAE04EC0-301F-11D3-BF4B-00C04F79EFBC}") = "DAQ", "DAQ\DAQ.csproj", "{BB737B99-2E9F-40C9-9809-895A7C51AD40}"
EndProject
Project("{FAE04EC0-301F-11D3-BF4B-00C04F79EFBC}") = "MOTMaster2", "MotMaster2\MOTMaster2.csproj", "{699D21D2-55DB-4A38-B091-BCC1883065AA}"
EndProject
Project("{FAE04EC0-301F-11D3-BF4B-00C04F79EFBC}") = "UtilsLib", "..\Utils\UtilsLib.csproj", "{A377A708-96B9-4569-BC22-0187D647611E}"
EndProject
Project("{FAE04EC0-301F-11D3-BF4B-00C04F79EFBC}") = "SharedCode", "SharedCode\SharedCode.csproj", "{BA0A0540-3F1C-483B-A180-CB78DF424F15}"
EndProject
Project("{FAE04EC0-301F-11D3-BF4B-00C04F79EFBC}") = "WpfApp1", "WpfApp1\WpfApp1.csproj", "{496F3872-77E1-4086-8ADF-19F99C2C3195}"
EndProject
Project("{FAE04EC0-301F-11D3-BF4B-00C04F79EFBC}") = "AOMmaster", "AOMmaster\AOMmaster.csproj", "{746B85BC-C29B-4E69-9DFF-AE81138AF4F3}"
EndProject
Global
	GlobalSection(SolutionConfigurationPlatforms) = preSolution
		AnritsuVNA|Any CPU = AnritsuVNA|Any CPU
		AnritsuVNA|Mixed Platforms = AnritsuVNA|Mixed Platforms
		AnritsuVNA|x64 = AnritsuVNA|x64
		AnritsuVNA|x86 = AnritsuVNA|x86
		Buffer|Any CPU = Buffer|Any CPU
		Buffer|Mixed Platforms = Buffer|Mixed Platforms
		Buffer|x64 = Buffer|x64
		Buffer|x86 = Buffer|x86
		BufferClassic|Any CPU = BufferClassic|Any CPU
		BufferClassic|Mixed Platforms = BufferClassic|Mixed Platforms
		BufferClassic|x64 = BufferClassic|x64
		BufferClassic|x86 = BufferClassic|x86
		CaF|Any CPU = CaF|Any CPU
		CaF|Mixed Platforms = CaF|Mixed Platforms
		CaF|x64 = CaF|x64
		CaF|x86 = CaF|x86
		Debug|Any CPU = Debug|Any CPU
		Debug|Mixed Platforms = Debug|Mixed Platforms
		Debug|x64 = Debug|x64
		Debug|x86 = Debug|x86
		Decelerator|Any CPU = Decelerator|Any CPU
		Decelerator|Mixed Platforms = Decelerator|Mixed Platforms
		Decelerator|x64 = Decelerator|x64
		Decelerator|x86 = Decelerator|x86
		EDM|Any CPU = EDM|Any CPU
		EDM|Mixed Platforms = EDM|Mixed Platforms
		EDM|x64 = EDM|x64
		EDM|x86 = EDM|x86
		EDMAnalysis|Any CPU = EDMAnalysis|Any CPU
		EDMAnalysis|Mixed Platforms = EDMAnalysis|Mixed Platforms
		EDMAnalysis|x64 = EDMAnalysis|x64
		EDMAnalysis|x86 = EDMAnalysis|x86
		EDMTestCrate|Any CPU = EDMTestCrate|Any CPU
		EDMTestCrate|Mixed Platforms = EDMTestCrate|Mixed Platforms
		EDMTestCrate|x64 = EDMTestCrate|x64
		EDMTestCrate|x86 = EDMTestCrate|x86
		Nav|Any CPU = Nav|Any CPU
		Nav|Mixed Platforms = Nav|Mixed Platforms
		Nav|x64 = Nav|x64
		Nav|x86 = Nav|x86
		Release|Any CPU = Release|Any CPU
		Release|Mixed Platforms = Release|Mixed Platforms
		Release|x64 = Release|x64
		Release|x86 = Release|x86
		RFMO|Any CPU = RFMO|Any CPU
		RFMO|Mixed Platforms = RFMO|Mixed Platforms
		RFMO|x64 = RFMO|x64
		RFMO|x86 = RFMO|x86
		RFMOT|Any CPU = RFMOT|Any CPU
		RFMOT|Mixed Platforms = RFMOT|Mixed Platforms
		RFMOT|x64 = RFMOT|x64
		RFMOT|x86 = RFMOT|x86
		SrF|Any CPU = SrF|Any CPU
		SrF|Mixed Platforms = SrF|Mixed Platforms
		SrF|x64 = SrF|x64
		SrF|x86 = SrF|x86
		Sympathetic|Any CPU = Sympathetic|Any CPU
		Sympathetic|Mixed Platforms = Sympathetic|Mixed Platforms
		Sympathetic|x64 = Sympathetic|x64
		Sympathetic|x86 = Sympathetic|x86
		Wavemeter|Any CPU = Wavemeter|Any CPU
		Wavemeter|Mixed Platforms = Wavemeter|Mixed Platforms
		Wavemeter|x64 = Wavemeter|x64
		Wavemeter|x86 = Wavemeter|x86
	EndGlobalSection
	GlobalSection(ProjectConfigurationPlatforms) = postSolution
		{BB737B99-2E9F-40C9-9809-895A7C51AD40}.AnritsuVNA|Any CPU.ActiveCfg = Sympathetic|Any CPU
		{BB737B99-2E9F-40C9-9809-895A7C51AD40}.AnritsuVNA|Any CPU.Build.0 = Sympathetic|Any CPU
		{BB737B99-2E9F-40C9-9809-895A7C51AD40}.AnritsuVNA|Mixed Platforms.ActiveCfg = Sympathetic|Any CPU
		{BB737B99-2E9F-40C9-9809-895A7C51AD40}.AnritsuVNA|Mixed Platforms.Build.0 = Sympathetic|Any CPU
		{BB737B99-2E9F-40C9-9809-895A7C51AD40}.AnritsuVNA|x64.ActiveCfg = SrF|Any CPU
		{BB737B99-2E9F-40C9-9809-895A7C51AD40}.AnritsuVNA|x86.ActiveCfg = Sympathetic|Any CPU
		{BB737B99-2E9F-40C9-9809-895A7C51AD40}.Buffer|Any CPU.ActiveCfg = Buffer|Any CPU
		{BB737B99-2E9F-40C9-9809-895A7C51AD40}.Buffer|Any CPU.Build.0 = Buffer|Any CPU
		{BB737B99-2E9F-40C9-9809-895A7C51AD40}.Buffer|Mixed Platforms.ActiveCfg = Buffer|Any CPU
		{BB737B99-2E9F-40C9-9809-895A7C51AD40}.Buffer|Mixed Platforms.Build.0 = Buffer|Any CPU
		{BB737B99-2E9F-40C9-9809-895A7C51AD40}.Buffer|x64.ActiveCfg = Buffer|Any CPU
		{BB737B99-2E9F-40C9-9809-895A7C51AD40}.Buffer|x86.ActiveCfg = Buffer|Any CPU
		{BB737B99-2E9F-40C9-9809-895A7C51AD40}.BufferClassic|Any CPU.ActiveCfg = BufferClassic|Any CPU
		{BB737B99-2E9F-40C9-9809-895A7C51AD40}.BufferClassic|Any CPU.Build.0 = BufferClassic|Any CPU
		{BB737B99-2E9F-40C9-9809-895A7C51AD40}.BufferClassic|Mixed Platforms.ActiveCfg = BufferClassic|Any CPU
		{BB737B99-2E9F-40C9-9809-895A7C51AD40}.BufferClassic|Mixed Platforms.Build.0 = BufferClassic|Any CPU
		{BB737B99-2E9F-40C9-9809-895A7C51AD40}.BufferClassic|x64.ActiveCfg = BufferClassic|Any CPU
		{BB737B99-2E9F-40C9-9809-895A7C51AD40}.BufferClassic|x86.ActiveCfg = BufferClassic|Any CPU
		{BB737B99-2E9F-40C9-9809-895A7C51AD40}.CaF|Any CPU.ActiveCfg = CaF|Any CPU
		{BB737B99-2E9F-40C9-9809-895A7C51AD40}.CaF|Any CPU.Build.0 = CaF|Any CPU
		{BB737B99-2E9F-40C9-9809-895A7C51AD40}.CaF|Mixed Platforms.ActiveCfg = CaF|Any CPU
		{BB737B99-2E9F-40C9-9809-895A7C51AD40}.CaF|Mixed Platforms.Build.0 = CaF|Any CPU
		{BB737B99-2E9F-40C9-9809-895A7C51AD40}.CaF|x64.ActiveCfg = CaF|Any CPU
		{BB737B99-2E9F-40C9-9809-895A7C51AD40}.CaF|x86.ActiveCfg = CaF|Any CPU
		{BB737B99-2E9F-40C9-9809-895A7C51AD40}.Debug|Any CPU.ActiveCfg = Decelerator|Any CPU
		{BB737B99-2E9F-40C9-9809-895A7C51AD40}.Debug|Any CPU.Build.0 = Decelerator|Any CPU
		{BB737B99-2E9F-40C9-9809-895A7C51AD40}.Debug|Mixed Platforms.ActiveCfg = Nav|Any CPU
		{BB737B99-2E9F-40C9-9809-895A7C51AD40}.Debug|Mixed Platforms.Build.0 = Nav|Any CPU
		{BB737B99-2E9F-40C9-9809-895A7C51AD40}.Debug|x64.ActiveCfg = Decelerator|Any CPU
		{BB737B99-2E9F-40C9-9809-895A7C51AD40}.Debug|x86.ActiveCfg = Decelerator|Any CPU
		{BB737B99-2E9F-40C9-9809-895A7C51AD40}.Decelerator|Any CPU.ActiveCfg = Decelerator|Any CPU
		{BB737B99-2E9F-40C9-9809-895A7C51AD40}.Decelerator|Any CPU.Build.0 = Decelerator|Any CPU
		{BB737B99-2E9F-40C9-9809-895A7C51AD40}.Decelerator|Mixed Platforms.ActiveCfg = Decelerator|Any CPU
		{BB737B99-2E9F-40C9-9809-895A7C51AD40}.Decelerator|Mixed Platforms.Build.0 = Decelerator|Any CPU
		{BB737B99-2E9F-40C9-9809-895A7C51AD40}.Decelerator|x64.ActiveCfg = Decelerator|Any CPU
		{BB737B99-2E9F-40C9-9809-895A7C51AD40}.Decelerator|x86.ActiveCfg = Decelerator|Any CPU
		{BB737B99-2E9F-40C9-9809-895A7C51AD40}.EDM|Any CPU.ActiveCfg = EDM|Any CPU
		{BB737B99-2E9F-40C9-9809-895A7C51AD40}.EDM|Any CPU.Build.0 = EDM|Any CPU
		{BB737B99-2E9F-40C9-9809-895A7C51AD40}.EDM|Mixed Platforms.ActiveCfg = EDM|Any CPU
		{BB737B99-2E9F-40C9-9809-895A7C51AD40}.EDM|Mixed Platforms.Build.0 = EDM|Any CPU
		{BB737B99-2E9F-40C9-9809-895A7C51AD40}.EDM|x64.ActiveCfg = EDM|Any CPU
		{BB737B99-2E9F-40C9-9809-895A7C51AD40}.EDM|x86.ActiveCfg = EDM|Any CPU
		{BB737B99-2E9F-40C9-9809-895A7C51AD40}.EDMAnalysis|Any CPU.ActiveCfg = EDMAnalysis|Any CPU
		{BB737B99-2E9F-40C9-9809-895A7C51AD40}.EDMAnalysis|Mixed Platforms.ActiveCfg = EDMAnalysis|Any CPU
		{BB737B99-2E9F-40C9-9809-895A7C51AD40}.EDMAnalysis|x64.ActiveCfg = EDMAnalysis|Any CPU
		{BB737B99-2E9F-40C9-9809-895A7C51AD40}.EDMAnalysis|x86.ActiveCfg = EDMAnalysis|Any CPU
		{BB737B99-2E9F-40C9-9809-895A7C51AD40}.EDMTestCrate|Any CPU.ActiveCfg = EDMAnalysis|Any CPU
		{BB737B99-2E9F-40C9-9809-895A7C51AD40}.EDMTestCrate|Any CPU.Build.0 = EDMAnalysis|Any CPU
		{BB737B99-2E9F-40C9-9809-895A7C51AD40}.EDMTestCrate|Mixed Platforms.ActiveCfg = EDMAnalysis|Any CPU
		{BB737B99-2E9F-40C9-9809-895A7C51AD40}.EDMTestCrate|Mixed Platforms.Build.0 = EDMAnalysis|Any CPU
		{BB737B99-2E9F-40C9-9809-895A7C51AD40}.EDMTestCrate|x64.ActiveCfg = EDMAnalysis|x64
		{BB737B99-2E9F-40C9-9809-895A7C51AD40}.EDMTestCrate|x64.Build.0 = EDMAnalysis|x64
		{BB737B99-2E9F-40C9-9809-895A7C51AD40}.EDMTestCrate|x86.ActiveCfg = EDMAnalysis|Any CPU
		{BB737B99-2E9F-40C9-9809-895A7C51AD40}.EDMTestCrate|x86.Build.0 = EDMAnalysis|Any CPU
		{BB737B99-2E9F-40C9-9809-895A7C51AD40}.Nav|Any CPU.ActiveCfg = Nav|Any CPU
		{BB737B99-2E9F-40C9-9809-895A7C51AD40}.Nav|Any CPU.Build.0 = Nav|Any CPU
		{BB737B99-2E9F-40C9-9809-895A7C51AD40}.Nav|Mixed Platforms.ActiveCfg = Nav|Any CPU
		{BB737B99-2E9F-40C9-9809-895A7C51AD40}.Nav|Mixed Platforms.Build.0 = Nav|Any CPU
		{BB737B99-2E9F-40C9-9809-895A7C51AD40}.Nav|x64.ActiveCfg = Nav|x64
		{BB737B99-2E9F-40C9-9809-895A7C51AD40}.Nav|x64.Build.0 = Nav|x64
		{BB737B99-2E9F-40C9-9809-895A7C51AD40}.Nav|x86.ActiveCfg = Nav|Any CPU
		{BB737B99-2E9F-40C9-9809-895A7C51AD40}.Nav|x86.Build.0 = Nav|Any CPU
		{BB737B99-2E9F-40C9-9809-895A7C51AD40}.Release|Any CPU.ActiveCfg = SrF|Any CPU
		{BB737B99-2E9F-40C9-9809-895A7C51AD40}.Release|Any CPU.Build.0 = SrF|Any CPU
		{BB737B99-2E9F-40C9-9809-895A7C51AD40}.Release|Mixed Platforms.ActiveCfg = SrF|Any CPU
		{BB737B99-2E9F-40C9-9809-895A7C51AD40}.Release|Mixed Platforms.Build.0 = SrF|Any CPU
		{BB737B99-2E9F-40C9-9809-895A7C51AD40}.Release|x64.ActiveCfg = SrF|Any CPU
		{BB737B99-2E9F-40C9-9809-895A7C51AD40}.Release|x86.ActiveCfg = SrF|Any CPU
		{BB737B99-2E9F-40C9-9809-895A7C51AD40}.RFMO|Any CPU.ActiveCfg = SrF|Any CPU
		{BB737B99-2E9F-40C9-9809-895A7C51AD40}.RFMO|Any CPU.Build.0 = SrF|Any CPU
		{BB737B99-2E9F-40C9-9809-895A7C51AD40}.RFMO|Mixed Platforms.ActiveCfg = SrF|Any CPU
		{BB737B99-2E9F-40C9-9809-895A7C51AD40}.RFMO|Mixed Platforms.Build.0 = SrF|Any CPU
		{BB737B99-2E9F-40C9-9809-895A7C51AD40}.RFMO|x64.ActiveCfg = SrF|Any CPU
		{BB737B99-2E9F-40C9-9809-895A7C51AD40}.RFMO|x86.ActiveCfg = SrF|Any CPU
		{BB737B99-2E9F-40C9-9809-895A7C51AD40}.RFMOT|Any CPU.ActiveCfg = SrF|Any CPU
		{BB737B99-2E9F-40C9-9809-895A7C51AD40}.RFMOT|Any CPU.Build.0 = SrF|Any CPU
		{BB737B99-2E9F-40C9-9809-895A7C51AD40}.RFMOT|Mixed Platforms.ActiveCfg = SrF|Any CPU
		{BB737B99-2E9F-40C9-9809-895A7C51AD40}.RFMOT|Mixed Platforms.Build.0 = SrF|Any CPU
		{BB737B99-2E9F-40C9-9809-895A7C51AD40}.RFMOT|x64.ActiveCfg = SrF|Any CPU
		{BB737B99-2E9F-40C9-9809-895A7C51AD40}.RFMOT|x86.ActiveCfg = SrF|Any CPU
		{BB737B99-2E9F-40C9-9809-895A7C51AD40}.SrF|Any CPU.ActiveCfg = SrF|Any CPU
		{BB737B99-2E9F-40C9-9809-895A7C51AD40}.SrF|Any CPU.Build.0 = SrF|Any CPU
		{BB737B99-2E9F-40C9-9809-895A7C51AD40}.SrF|Mixed Platforms.ActiveCfg = SrF|Any CPU
		{BB737B99-2E9F-40C9-9809-895A7C51AD40}.SrF|Mixed Platforms.Build.0 = SrF|Any CPU
		{BB737B99-2E9F-40C9-9809-895A7C51AD40}.SrF|x64.ActiveCfg = SrF|Any CPU
		{BB737B99-2E9F-40C9-9809-895A7C51AD40}.SrF|x86.ActiveCfg = SrF|Any CPU
		{BB737B99-2E9F-40C9-9809-895A7C51AD40}.Sympathetic|Any CPU.ActiveCfg = Sympathetic|Any CPU
		{BB737B99-2E9F-40C9-9809-895A7C51AD40}.Sympathetic|Any CPU.Build.0 = Sympathetic|Any CPU
		{BB737B99-2E9F-40C9-9809-895A7C51AD40}.Sympathetic|Mixed Platforms.ActiveCfg = Sympathetic|Any CPU
		{BB737B99-2E9F-40C9-9809-895A7C51AD40}.Sympathetic|Mixed Platforms.Build.0 = Sympathetic|Any CPU
		{BB737B99-2E9F-40C9-9809-895A7C51AD40}.Sympathetic|x64.ActiveCfg = Sympathetic|Any CPU
		{BB737B99-2E9F-40C9-9809-895A7C51AD40}.Sympathetic|x86.ActiveCfg = Sympathetic|Any CPU
		{BB737B99-2E9F-40C9-9809-895A7C51AD40}.Wavemeter|Any CPU.ActiveCfg = EDMAnalysis|Any CPU
		{BB737B99-2E9F-40C9-9809-895A7C51AD40}.Wavemeter|Any CPU.Build.0 = EDMAnalysis|Any CPU
		{BB737B99-2E9F-40C9-9809-895A7C51AD40}.Wavemeter|Mixed Platforms.ActiveCfg = EDMAnalysis|Any CPU
		{BB737B99-2E9F-40C9-9809-895A7C51AD40}.Wavemeter|Mixed Platforms.Build.0 = EDMAnalysis|Any CPU
		{BB737B99-2E9F-40C9-9809-895A7C51AD40}.Wavemeter|x64.ActiveCfg = CaF|x64
		{BB737B99-2E9F-40C9-9809-895A7C51AD40}.Wavemeter|x64.Build.0 = CaF|x64
		{BB737B99-2E9F-40C9-9809-895A7C51AD40}.Wavemeter|x86.ActiveCfg = EDMAnalysis|Any CPU
		{BB737B99-2E9F-40C9-9809-895A7C51AD40}.Wavemeter|x86.Build.0 = EDMAnalysis|Any CPU
		{699D21D2-55DB-4A38-B091-BCC1883065AA}.AnritsuVNA|Any CPU.ActiveCfg = Release|Any CPU
		{699D21D2-55DB-4A38-B091-BCC1883065AA}.AnritsuVNA|Any CPU.Build.0 = Release|Any CPU
		{699D21D2-55DB-4A38-B091-BCC1883065AA}.AnritsuVNA|Mixed Platforms.ActiveCfg = Release|Any CPU
		{699D21D2-55DB-4A38-B091-BCC1883065AA}.AnritsuVNA|Mixed Platforms.Build.0 = Release|Any CPU
		{699D21D2-55DB-4A38-B091-BCC1883065AA}.AnritsuVNA|x64.ActiveCfg = Release|Any CPU
		{699D21D2-55DB-4A38-B091-BCC1883065AA}.AnritsuVNA|x86.ActiveCfg = Release|Any CPU
		{699D21D2-55DB-4A38-B091-BCC1883065AA}.Buffer|Any CPU.ActiveCfg = Release|Any CPU
		{699D21D2-55DB-4A38-B091-BCC1883065AA}.Buffer|Any CPU.Build.0 = Release|Any CPU
		{699D21D2-55DB-4A38-B091-BCC1883065AA}.Buffer|Mixed Platforms.ActiveCfg = Release|Any CPU
		{699D21D2-55DB-4A38-B091-BCC1883065AA}.Buffer|Mixed Platforms.Build.0 = Release|Any CPU
		{699D21D2-55DB-4A38-B091-BCC1883065AA}.Buffer|x64.ActiveCfg = Release|Any CPU
		{699D21D2-55DB-4A38-B091-BCC1883065AA}.Buffer|x86.ActiveCfg = Release|Any CPU
		{699D21D2-55DB-4A38-B091-BCC1883065AA}.BufferClassic|Any CPU.ActiveCfg = Release|Any CPU
		{699D21D2-55DB-4A38-B091-BCC1883065AA}.BufferClassic|Any CPU.Build.0 = Release|Any CPU
		{699D21D2-55DB-4A38-B091-BCC1883065AA}.BufferClassic|Mixed Platforms.ActiveCfg = Release|Any CPU
		{699D21D2-55DB-4A38-B091-BCC1883065AA}.BufferClassic|Mixed Platforms.Build.0 = Release|Any CPU
		{699D21D2-55DB-4A38-B091-BCC1883065AA}.BufferClassic|x64.ActiveCfg = Release|Any CPU
		{699D21D2-55DB-4A38-B091-BCC1883065AA}.BufferClassic|x86.ActiveCfg = Release|Any CPU
		{699D21D2-55DB-4A38-B091-BCC1883065AA}.CaF|Any CPU.ActiveCfg = Release|Any CPU
		{699D21D2-55DB-4A38-B091-BCC1883065AA}.CaF|Any CPU.Build.0 = Release|Any CPU
		{699D21D2-55DB-4A38-B091-BCC1883065AA}.CaF|Mixed Platforms.ActiveCfg = Release|Any CPU
		{699D21D2-55DB-4A38-B091-BCC1883065AA}.CaF|Mixed Platforms.Build.0 = Release|Any CPU
		{699D21D2-55DB-4A38-B091-BCC1883065AA}.CaF|x64.ActiveCfg = Release|Any CPU
		{699D21D2-55DB-4A38-B091-BCC1883065AA}.CaF|x86.ActiveCfg = Release|Any CPU
		{699D21D2-55DB-4A38-B091-BCC1883065AA}.Debug|Any CPU.ActiveCfg = Debug|Any CPU
		{699D21D2-55DB-4A38-B091-BCC1883065AA}.Debug|Any CPU.Build.0 = Debug|Any CPU
		{699D21D2-55DB-4A38-B091-BCC1883065AA}.Debug|Mixed Platforms.ActiveCfg = Debug|Any CPU
		{699D21D2-55DB-4A38-B091-BCC1883065AA}.Debug|Mixed Platforms.Build.0 = Debug|Any CPU
		{699D21D2-55DB-4A38-B091-BCC1883065AA}.Debug|x64.ActiveCfg = Debug|Any CPU
		{699D21D2-55DB-4A38-B091-BCC1883065AA}.Debug|x86.ActiveCfg = Debug|Any CPU
		{699D21D2-55DB-4A38-B091-BCC1883065AA}.Decelerator|Any CPU.ActiveCfg = Debug|Any CPU
		{699D21D2-55DB-4A38-B091-BCC1883065AA}.Decelerator|Any CPU.Build.0 = Debug|Any CPU
		{699D21D2-55DB-4A38-B091-BCC1883065AA}.Decelerator|Mixed Platforms.ActiveCfg = Debug|Any CPU
		{699D21D2-55DB-4A38-B091-BCC1883065AA}.Decelerator|Mixed Platforms.Build.0 = Debug|Any CPU
		{699D21D2-55DB-4A38-B091-BCC1883065AA}.Decelerator|x64.ActiveCfg = Debug|Any CPU
		{699D21D2-55DB-4A38-B091-BCC1883065AA}.Decelerator|x86.ActiveCfg = Debug|Any CPU
		{699D21D2-55DB-4A38-B091-BCC1883065AA}.EDM|Any CPU.ActiveCfg = Release|Any CPU
		{699D21D2-55DB-4A38-B091-BCC1883065AA}.EDM|Any CPU.Build.0 = Release|Any CPU
		{699D21D2-55DB-4A38-B091-BCC1883065AA}.EDM|Mixed Platforms.ActiveCfg = Release|Any CPU
		{699D21D2-55DB-4A38-B091-BCC1883065AA}.EDM|Mixed Platforms.Build.0 = Release|Any CPU
		{699D21D2-55DB-4A38-B091-BCC1883065AA}.EDM|x64.ActiveCfg = Release|Any CPU
		{699D21D2-55DB-4A38-B091-BCC1883065AA}.EDM|x86.ActiveCfg = Release|Any CPU
		{699D21D2-55DB-4A38-B091-BCC1883065AA}.EDMAnalysis|Any CPU.ActiveCfg = Release|Any CPU
		{699D21D2-55DB-4A38-B091-BCC1883065AA}.EDMAnalysis|Any CPU.Build.0 = Release|Any CPU
		{699D21D2-55DB-4A38-B091-BCC1883065AA}.EDMAnalysis|Mixed Platforms.ActiveCfg = Release|Any CPU
		{699D21D2-55DB-4A38-B091-BCC1883065AA}.EDMAnalysis|Mixed Platforms.Build.0 = Release|Any CPU
		{699D21D2-55DB-4A38-B091-BCC1883065AA}.EDMAnalysis|x64.ActiveCfg = Release|Any CPU
		{699D21D2-55DB-4A38-B091-BCC1883065AA}.EDMAnalysis|x86.ActiveCfg = Release|Any CPU
		{699D21D2-55DB-4A38-B091-BCC1883065AA}.EDMTestCrate|Any CPU.ActiveCfg = Nav|Any CPU
		{699D21D2-55DB-4A38-B091-BCC1883065AA}.EDMTestCrate|Any CPU.Build.0 = Nav|Any CPU
		{699D21D2-55DB-4A38-B091-BCC1883065AA}.EDMTestCrate|Mixed Platforms.ActiveCfg = Nav|Any CPU
		{699D21D2-55DB-4A38-B091-BCC1883065AA}.EDMTestCrate|Mixed Platforms.Build.0 = Nav|Any CPU
		{699D21D2-55DB-4A38-B091-BCC1883065AA}.EDMTestCrate|x64.ActiveCfg = Nav|Any CPU
		{699D21D2-55DB-4A38-B091-BCC1883065AA}.EDMTestCrate|x64.Build.0 = Nav|Any CPU
		{699D21D2-55DB-4A38-B091-BCC1883065AA}.EDMTestCrate|x86.ActiveCfg = Nav|Any CPU
		{699D21D2-55DB-4A38-B091-BCC1883065AA}.EDMTestCrate|x86.Build.0 = Nav|Any CPU
		{699D21D2-55DB-4A38-B091-BCC1883065AA}.Nav|Any CPU.ActiveCfg = Release|Any CPU
		{699D21D2-55DB-4A38-B091-BCC1883065AA}.Nav|Any CPU.Build.0 = Release|Any CPU
		{699D21D2-55DB-4A38-B091-BCC1883065AA}.Nav|Mixed Platforms.ActiveCfg = Debug|Any CPU
		{699D21D2-55DB-4A38-B091-BCC1883065AA}.Nav|Mixed Platforms.Build.0 = Debug|Any CPU
		{699D21D2-55DB-4A38-B091-BCC1883065AA}.Nav|x64.ActiveCfg = Release|Any CPU
		{699D21D2-55DB-4A38-B091-BCC1883065AA}.Nav|x86.ActiveCfg = Release|Any CPU
		{699D21D2-55DB-4A38-B091-BCC1883065AA}.Release|Any CPU.ActiveCfg = Release|Any CPU
		{699D21D2-55DB-4A38-B091-BCC1883065AA}.Release|Any CPU.Build.0 = Release|Any CPU
		{699D21D2-55DB-4A38-B091-BCC1883065AA}.Release|Mixed Platforms.ActiveCfg = Release|Any CPU
		{699D21D2-55DB-4A38-B091-BCC1883065AA}.Release|Mixed Platforms.Build.0 = Release|Any CPU
		{699D21D2-55DB-4A38-B091-BCC1883065AA}.Release|x64.ActiveCfg = Release|Any CPU
		{699D21D2-55DB-4A38-B091-BCC1883065AA}.Release|x86.ActiveCfg = Release|Any CPU
		{699D21D2-55DB-4A38-B091-BCC1883065AA}.RFMO|Any CPU.ActiveCfg = Release|Any CPU
		{699D21D2-55DB-4A38-B091-BCC1883065AA}.RFMO|Any CPU.Build.0 = Release|Any CPU
		{699D21D2-55DB-4A38-B091-BCC1883065AA}.RFMO|Mixed Platforms.ActiveCfg = Release|Any CPU
		{699D21D2-55DB-4A38-B091-BCC1883065AA}.RFMO|Mixed Platforms.Build.0 = Release|Any CPU
		{699D21D2-55DB-4A38-B091-BCC1883065AA}.RFMO|x64.ActiveCfg = Release|Any CPU
		{699D21D2-55DB-4A38-B091-BCC1883065AA}.RFMO|x86.ActiveCfg = Release|Any CPU
		{699D21D2-55DB-4A38-B091-BCC1883065AA}.RFMOT|Any CPU.ActiveCfg = Release|Any CPU
		{699D21D2-55DB-4A38-B091-BCC1883065AA}.RFMOT|Any CPU.Build.0 = Release|Any CPU
		{699D21D2-55DB-4A38-B091-BCC1883065AA}.RFMOT|Mixed Platforms.ActiveCfg = Release|Any CPU
		{699D21D2-55DB-4A38-B091-BCC1883065AA}.RFMOT|Mixed Platforms.Build.0 = Release|Any CPU
		{699D21D2-55DB-4A38-B091-BCC1883065AA}.RFMOT|x64.ActiveCfg = Release|Any CPU
		{699D21D2-55DB-4A38-B091-BCC1883065AA}.RFMOT|x86.ActiveCfg = Release|Any CPU
		{699D21D2-55DB-4A38-B091-BCC1883065AA}.SrF|Any CPU.ActiveCfg = Release|Any CPU
		{699D21D2-55DB-4A38-B091-BCC1883065AA}.SrF|Any CPU.Build.0 = Release|Any CPU
		{699D21D2-55DB-4A38-B091-BCC1883065AA}.SrF|Mixed Platforms.ActiveCfg = Release|Any CPU
		{699D21D2-55DB-4A38-B091-BCC1883065AA}.SrF|Mixed Platforms.Build.0 = Release|Any CPU
		{699D21D2-55DB-4A38-B091-BCC1883065AA}.SrF|x64.ActiveCfg = Release|Any CPU
		{699D21D2-55DB-4A38-B091-BCC1883065AA}.SrF|x86.ActiveCfg = Release|Any CPU
		{699D21D2-55DB-4A38-B091-BCC1883065AA}.Sympathetic|Any CPU.ActiveCfg = Release|Any CPU
		{699D21D2-55DB-4A38-B091-BCC1883065AA}.Sympathetic|Any CPU.Build.0 = Release|Any CPU
		{699D21D2-55DB-4A38-B091-BCC1883065AA}.Sympathetic|Mixed Platforms.ActiveCfg = Release|Any CPU
		{699D21D2-55DB-4A38-B091-BCC1883065AA}.Sympathetic|Mixed Platforms.Build.0 = Release|Any CPU
		{699D21D2-55DB-4A38-B091-BCC1883065AA}.Sympathetic|x64.ActiveCfg = Release|Any CPU
		{699D21D2-55DB-4A38-B091-BCC1883065AA}.Sympathetic|x86.ActiveCfg = Release|Any CPU
		{699D21D2-55DB-4A38-B091-BCC1883065AA}.Wavemeter|Any CPU.ActiveCfg = Nav|Any CPU
		{699D21D2-55DB-4A38-B091-BCC1883065AA}.Wavemeter|Any CPU.Build.0 = Nav|Any CPU
		{699D21D2-55DB-4A38-B091-BCC1883065AA}.Wavemeter|Mixed Platforms.ActiveCfg = Nav|Any CPU
		{699D21D2-55DB-4A38-B091-BCC1883065AA}.Wavemeter|Mixed Platforms.Build.0 = Nav|Any CPU
		{699D21D2-55DB-4A38-B091-BCC1883065AA}.Wavemeter|x64.ActiveCfg = Nav|Any CPU
		{699D21D2-55DB-4A38-B091-BCC1883065AA}.Wavemeter|x64.Build.0 = Nav|Any CPU
		{699D21D2-55DB-4A38-B091-BCC1883065AA}.Wavemeter|x86.ActiveCfg = Nav|Any CPU
		{699D21D2-55DB-4A38-B091-BCC1883065AA}.Wavemeter|x86.Build.0 = Nav|Any CPU
		{A377A708-96B9-4569-BC22-0187D647611E}.AnritsuVNA|Any CPU.ActiveCfg = Release|Any CPU
		{A377A708-96B9-4569-BC22-0187D647611E}.AnritsuVNA|Any CPU.Build.0 = Release|Any CPU
		{A377A708-96B9-4569-BC22-0187D647611E}.AnritsuVNA|Mixed Platforms.ActiveCfg = Release|Any CPU
		{A377A708-96B9-4569-BC22-0187D647611E}.AnritsuVNA|Mixed Platforms.Build.0 = Release|Any CPU
		{A377A708-96B9-4569-BC22-0187D647611E}.AnritsuVNA|x64.ActiveCfg = Release|Any CPU
		{A377A708-96B9-4569-BC22-0187D647611E}.AnritsuVNA|x86.ActiveCfg = Release|Any CPU
		{A377A708-96B9-4569-BC22-0187D647611E}.Buffer|Any CPU.ActiveCfg = Release|Any CPU
		{A377A708-96B9-4569-BC22-0187D647611E}.Buffer|Any CPU.Build.0 = Release|Any CPU
		{A377A708-96B9-4569-BC22-0187D647611E}.Buffer|Mixed Platforms.ActiveCfg = Release|Any CPU
		{A377A708-96B9-4569-BC22-0187D647611E}.Buffer|Mixed Platforms.Build.0 = Release|Any CPU
		{A377A708-96B9-4569-BC22-0187D647611E}.Buffer|x64.ActiveCfg = Release|Any CPU
		{A377A708-96B9-4569-BC22-0187D647611E}.Buffer|x86.ActiveCfg = Release|Any CPU
		{A377A708-96B9-4569-BC22-0187D647611E}.BufferClassic|Any CPU.ActiveCfg = Release|Any CPU
		{A377A708-96B9-4569-BC22-0187D647611E}.BufferClassic|Any CPU.Build.0 = Release|Any CPU
		{A377A708-96B9-4569-BC22-0187D647611E}.BufferClassic|Mixed Platforms.ActiveCfg = Release|Any CPU
		{A377A708-96B9-4569-BC22-0187D647611E}.BufferClassic|Mixed Platforms.Build.0 = Release|Any CPU
		{A377A708-96B9-4569-BC22-0187D647611E}.BufferClassic|x64.ActiveCfg = Release|Any CPU
		{A377A708-96B9-4569-BC22-0187D647611E}.BufferClassic|x86.ActiveCfg = Release|Any CPU
		{A377A708-96B9-4569-BC22-0187D647611E}.CaF|Any CPU.ActiveCfg = Release|Any CPU
		{A377A708-96B9-4569-BC22-0187D647611E}.CaF|Any CPU.Build.0 = Release|Any CPU
		{A377A708-96B9-4569-BC22-0187D647611E}.CaF|Mixed Platforms.ActiveCfg = Release|Any CPU
		{A377A708-96B9-4569-BC22-0187D647611E}.CaF|Mixed Platforms.Build.0 = Release|Any CPU
		{A377A708-96B9-4569-BC22-0187D647611E}.CaF|x64.ActiveCfg = Release|Any CPU
		{A377A708-96B9-4569-BC22-0187D647611E}.CaF|x86.ActiveCfg = Release|Any CPU
		{A377A708-96B9-4569-BC22-0187D647611E}.Debug|Any CPU.ActiveCfg = Debug|Any CPU
		{A377A708-96B9-4569-BC22-0187D647611E}.Debug|Any CPU.Build.0 = Debug|Any CPU
		{A377A708-96B9-4569-BC22-0187D647611E}.Debug|Mixed Platforms.ActiveCfg = Debug|Any CPU
		{A377A708-96B9-4569-BC22-0187D647611E}.Debug|Mixed Platforms.Build.0 = Debug|Any CPU
		{A377A708-96B9-4569-BC22-0187D647611E}.Debug|x64.ActiveCfg = Debug|Any CPU
		{A377A708-96B9-4569-BC22-0187D647611E}.Debug|x86.ActiveCfg = Debug|Any CPU
		{A377A708-96B9-4569-BC22-0187D647611E}.Decelerator|Any CPU.ActiveCfg = Debug|Any CPU
		{A377A708-96B9-4569-BC22-0187D647611E}.Decelerator|Any CPU.Build.0 = Debug|Any CPU
		{A377A708-96B9-4569-BC22-0187D647611E}.Decelerator|Mixed Platforms.ActiveCfg = Debug|Any CPU
		{A377A708-96B9-4569-BC22-0187D647611E}.Decelerator|Mixed Platforms.Build.0 = Debug|Any CPU
		{A377A708-96B9-4569-BC22-0187D647611E}.Decelerator|x64.ActiveCfg = Debug|Any CPU
		{A377A708-96B9-4569-BC22-0187D647611E}.Decelerator|x86.ActiveCfg = Debug|Any CPU
		{A377A708-96B9-4569-BC22-0187D647611E}.EDM|Any CPU.ActiveCfg = Release|Any CPU
		{A377A708-96B9-4569-BC22-0187D647611E}.EDM|Any CPU.Build.0 = Release|Any CPU
		{A377A708-96B9-4569-BC22-0187D647611E}.EDM|Mixed Platforms.ActiveCfg = Release|Any CPU
		{A377A708-96B9-4569-BC22-0187D647611E}.EDM|Mixed Platforms.Build.0 = Release|Any CPU
		{A377A708-96B9-4569-BC22-0187D647611E}.EDM|x64.ActiveCfg = Release|Any CPU
		{A377A708-96B9-4569-BC22-0187D647611E}.EDM|x86.ActiveCfg = Release|Any CPU
		{A377A708-96B9-4569-BC22-0187D647611E}.EDMAnalysis|Any CPU.ActiveCfg = Release|Any CPU
		{A377A708-96B9-4569-BC22-0187D647611E}.EDMAnalysis|Any CPU.Build.0 = Release|Any CPU
		{A377A708-96B9-4569-BC22-0187D647611E}.EDMAnalysis|Mixed Platforms.ActiveCfg = Release|Any CPU
		{A377A708-96B9-4569-BC22-0187D647611E}.EDMAnalysis|Mixed Platforms.Build.0 = Release|Any CPU
		{A377A708-96B9-4569-BC22-0187D647611E}.EDMAnalysis|x64.ActiveCfg = Release|Any CPU
		{A377A708-96B9-4569-BC22-0187D647611E}.EDMAnalysis|x86.ActiveCfg = Release|Any CPU
		{A377A708-96B9-4569-BC22-0187D647611E}.EDMTestCrate|Any CPU.ActiveCfg = Debug|Any CPU
		{A377A708-96B9-4569-BC22-0187D647611E}.EDMTestCrate|Any CPU.Build.0 = Debug|Any CPU
		{A377A708-96B9-4569-BC22-0187D647611E}.EDMTestCrate|Mixed Platforms.ActiveCfg = Debug|Any CPU
		{A377A708-96B9-4569-BC22-0187D647611E}.EDMTestCrate|Mixed Platforms.Build.0 = Debug|Any CPU
		{A377A708-96B9-4569-BC22-0187D647611E}.EDMTestCrate|x64.ActiveCfg = Debug|Any CPU
		{A377A708-96B9-4569-BC22-0187D647611E}.EDMTestCrate|x64.Build.0 = Debug|Any CPU
		{A377A708-96B9-4569-BC22-0187D647611E}.EDMTestCrate|x86.ActiveCfg = Debug|Any CPU
		{A377A708-96B9-4569-BC22-0187D647611E}.EDMTestCrate|x86.Build.0 = Debug|Any CPU
		{A377A708-96B9-4569-BC22-0187D647611E}.Nav|Any CPU.ActiveCfg = Release|Any CPU
		{A377A708-96B9-4569-BC22-0187D647611E}.Nav|Any CPU.Build.0 = Release|Any CPU
		{A377A708-96B9-4569-BC22-0187D647611E}.Nav|Mixed Platforms.ActiveCfg = Release|Any CPU
		{A377A708-96B9-4569-BC22-0187D647611E}.Nav|Mixed Platforms.Build.0 = Release|Any CPU
		{A377A708-96B9-4569-BC22-0187D647611E}.Nav|x64.ActiveCfg = Release|Any CPU
		{A377A708-96B9-4569-BC22-0187D647611E}.Nav|x86.ActiveCfg = Release|Any CPU
		{A377A708-96B9-4569-BC22-0187D647611E}.Release|Any CPU.ActiveCfg = Release|Any CPU
		{A377A708-96B9-4569-BC22-0187D647611E}.Release|Any CPU.Build.0 = Release|Any CPU
		{A377A708-96B9-4569-BC22-0187D647611E}.Release|Mixed Platforms.ActiveCfg = Release|Any CPU
		{A377A708-96B9-4569-BC22-0187D647611E}.Release|Mixed Platforms.Build.0 = Release|Any CPU
		{A377A708-96B9-4569-BC22-0187D647611E}.Release|x64.ActiveCfg = Release|Any CPU
		{A377A708-96B9-4569-BC22-0187D647611E}.Release|x86.ActiveCfg = Release|Any CPU
		{A377A708-96B9-4569-BC22-0187D647611E}.RFMO|Any CPU.ActiveCfg = Release|Any CPU
		{A377A708-96B9-4569-BC22-0187D647611E}.RFMO|Any CPU.Build.0 = Release|Any CPU
		{A377A708-96B9-4569-BC22-0187D647611E}.RFMO|Mixed Platforms.ActiveCfg = Release|Any CPU
		{A377A708-96B9-4569-BC22-0187D647611E}.RFMO|Mixed Platforms.Build.0 = Release|Any CPU
		{A377A708-96B9-4569-BC22-0187D647611E}.RFMO|x64.ActiveCfg = Release|Any CPU
		{A377A708-96B9-4569-BC22-0187D647611E}.RFMO|x86.ActiveCfg = Release|Any CPU
		{A377A708-96B9-4569-BC22-0187D647611E}.RFMOT|Any CPU.ActiveCfg = Release|Any CPU
		{A377A708-96B9-4569-BC22-0187D647611E}.RFMOT|Any CPU.Build.0 = Release|Any CPU
		{A377A708-96B9-4569-BC22-0187D647611E}.RFMOT|Mixed Platforms.ActiveCfg = Release|Any CPU
		{A377A708-96B9-4569-BC22-0187D647611E}.RFMOT|Mixed Platforms.Build.0 = Release|Any CPU
		{A377A708-96B9-4569-BC22-0187D647611E}.RFMOT|x64.ActiveCfg = Release|Any CPU
		{A377A708-96B9-4569-BC22-0187D647611E}.RFMOT|x86.ActiveCfg = Release|Any CPU
		{A377A708-96B9-4569-BC22-0187D647611E}.SrF|Any CPU.ActiveCfg = Release|Any CPU
		{A377A708-96B9-4569-BC22-0187D647611E}.SrF|Any CPU.Build.0 = Release|Any CPU
		{A377A708-96B9-4569-BC22-0187D647611E}.SrF|Mixed Platforms.ActiveCfg = Release|Any CPU
		{A377A708-96B9-4569-BC22-0187D647611E}.SrF|Mixed Platforms.Build.0 = Release|Any CPU
		{A377A708-96B9-4569-BC22-0187D647611E}.SrF|x64.ActiveCfg = Release|Any CPU
		{A377A708-96B9-4569-BC22-0187D647611E}.SrF|x86.ActiveCfg = Release|Any CPU
		{A377A708-96B9-4569-BC22-0187D647611E}.Sympathetic|Any CPU.ActiveCfg = Release|Any CPU
		{A377A708-96B9-4569-BC22-0187D647611E}.Sympathetic|Any CPU.Build.0 = Release|Any CPU
		{A377A708-96B9-4569-BC22-0187D647611E}.Sympathetic|Mixed Platforms.ActiveCfg = Release|Any CPU
		{A377A708-96B9-4569-BC22-0187D647611E}.Sympathetic|Mixed Platforms.Build.0 = Release|Any CPU
		{A377A708-96B9-4569-BC22-0187D647611E}.Sympathetic|x64.ActiveCfg = Release|Any CPU
		{A377A708-96B9-4569-BC22-0187D647611E}.Sympathetic|x86.ActiveCfg = Release|Any CPU
		{A377A708-96B9-4569-BC22-0187D647611E}.Wavemeter|Any CPU.ActiveCfg = Debug|Any CPU
		{A377A708-96B9-4569-BC22-0187D647611E}.Wavemeter|Any CPU.Build.0 = Debug|Any CPU
		{A377A708-96B9-4569-BC22-0187D647611E}.Wavemeter|Mixed Platforms.ActiveCfg = Debug|Any CPU
		{A377A708-96B9-4569-BC22-0187D647611E}.Wavemeter|Mixed Platforms.Build.0 = Debug|Any CPU
		{A377A708-96B9-4569-BC22-0187D647611E}.Wavemeter|x64.ActiveCfg = Debug|Any CPU
		{A377A708-96B9-4569-BC22-0187D647611E}.Wavemeter|x64.Build.0 = Debug|Any CPU
		{A377A708-96B9-4569-BC22-0187D647611E}.Wavemeter|x86.ActiveCfg = Debug|Any CPU
		{A377A708-96B9-4569-BC22-0187D647611E}.Wavemeter|x86.Build.0 = Debug|Any CPU
		{BA0A0540-3F1C-483B-A180-CB78DF424F15}.AnritsuVNA|Any CPU.ActiveCfg = EDMTestCrate|Any CPU
		{BA0A0540-3F1C-483B-A180-CB78DF424F15}.AnritsuVNA|Any CPU.Build.0 = EDMTestCrate|Any CPU
		{BA0A0540-3F1C-483B-A180-CB78DF424F15}.AnritsuVNA|Mixed Platforms.ActiveCfg = EDMTestCrate|Any CPU
		{BA0A0540-3F1C-483B-A180-CB78DF424F15}.AnritsuVNA|Mixed Platforms.Build.0 = EDMTestCrate|Any CPU
		{BA0A0540-3F1C-483B-A180-CB78DF424F15}.AnritsuVNA|x64.ActiveCfg = EDMTestCrate|Any CPU
		{BA0A0540-3F1C-483B-A180-CB78DF424F15}.AnritsuVNA|x64.Build.0 = EDMTestCrate|Any CPU
		{BA0A0540-3F1C-483B-A180-CB78DF424F15}.AnritsuVNA|x86.ActiveCfg = EDMTestCrate|Any CPU
		{BA0A0540-3F1C-483B-A180-CB78DF424F15}.AnritsuVNA|x86.Build.0 = EDMTestCrate|Any CPU
		{BA0A0540-3F1C-483B-A180-CB78DF424F15}.Buffer|Any CPU.ActiveCfg = Buffer|Any CPU
		{BA0A0540-3F1C-483B-A180-CB78DF424F15}.Buffer|Any CPU.Build.0 = Buffer|Any CPU
		{BA0A0540-3F1C-483B-A180-CB78DF424F15}.Buffer|Mixed Platforms.ActiveCfg = Buffer|Any CPU
		{BA0A0540-3F1C-483B-A180-CB78DF424F15}.Buffer|Mixed Platforms.Build.0 = Buffer|Any CPU
		{BA0A0540-3F1C-483B-A180-CB78DF424F15}.Buffer|x64.ActiveCfg = Buffer|Any CPU
		{BA0A0540-3F1C-483B-A180-CB78DF424F15}.Buffer|x64.Build.0 = Buffer|Any CPU
		{BA0A0540-3F1C-483B-A180-CB78DF424F15}.Buffer|x86.ActiveCfg = Buffer|Any CPU
		{BA0A0540-3F1C-483B-A180-CB78DF424F15}.Buffer|x86.Build.0 = Buffer|Any CPU
		{BA0A0540-3F1C-483B-A180-CB78DF424F15}.BufferClassic|Any CPU.ActiveCfg = BufferClassic|Any CPU
		{BA0A0540-3F1C-483B-A180-CB78DF424F15}.BufferClassic|Any CPU.Build.0 = BufferClassic|Any CPU
		{BA0A0540-3F1C-483B-A180-CB78DF424F15}.BufferClassic|Mixed Platforms.ActiveCfg = BufferClassic|Any CPU
		{BA0A0540-3F1C-483B-A180-CB78DF424F15}.BufferClassic|Mixed Platforms.Build.0 = BufferClassic|Any CPU
		{BA0A0540-3F1C-483B-A180-CB78DF424F15}.BufferClassic|x64.ActiveCfg = BufferClassic|Any CPU
		{BA0A0540-3F1C-483B-A180-CB78DF424F15}.BufferClassic|x64.Build.0 = BufferClassic|Any CPU
		{BA0A0540-3F1C-483B-A180-CB78DF424F15}.BufferClassic|x86.ActiveCfg = BufferClassic|Any CPU
		{BA0A0540-3F1C-483B-A180-CB78DF424F15}.BufferClassic|x86.Build.0 = BufferClassic|Any CPU
		{BA0A0540-3F1C-483B-A180-CB78DF424F15}.CaF|Any CPU.ActiveCfg = CaF|Any CPU
		{BA0A0540-3F1C-483B-A180-CB78DF424F15}.CaF|Any CPU.Build.0 = CaF|Any CPU
		{BA0A0540-3F1C-483B-A180-CB78DF424F15}.CaF|Mixed Platforms.ActiveCfg = CaF|Any CPU
		{BA0A0540-3F1C-483B-A180-CB78DF424F15}.CaF|Mixed Platforms.Build.0 = CaF|Any CPU
		{BA0A0540-3F1C-483B-A180-CB78DF424F15}.CaF|x64.ActiveCfg = CaF|Any CPU
		{BA0A0540-3F1C-483B-A180-CB78DF424F15}.CaF|x64.Build.0 = CaF|Any CPU
		{BA0A0540-3F1C-483B-A180-CB78DF424F15}.CaF|x86.ActiveCfg = CaF|Any CPU
		{BA0A0540-3F1C-483B-A180-CB78DF424F15}.CaF|x86.Build.0 = CaF|Any CPU
		{BA0A0540-3F1C-483B-A180-CB78DF424F15}.Debug|Any CPU.ActiveCfg = Decelerator|Any CPU
		{BA0A0540-3F1C-483B-A180-CB78DF424F15}.Debug|Any CPU.Build.0 = Decelerator|Any CPU
		{BA0A0540-3F1C-483B-A180-CB78DF424F15}.Debug|Mixed Platforms.ActiveCfg = Decelerator|Any CPU
		{BA0A0540-3F1C-483B-A180-CB78DF424F15}.Debug|Mixed Platforms.Build.0 = Decelerator|Any CPU
		{BA0A0540-3F1C-483B-A180-CB78DF424F15}.Debug|x64.ActiveCfg = Decelerator|Any CPU
		{BA0A0540-3F1C-483B-A180-CB78DF424F15}.Debug|x64.Build.0 = Decelerator|Any CPU
		{BA0A0540-3F1C-483B-A180-CB78DF424F15}.Debug|x86.ActiveCfg = Decelerator|Any CPU
		{BA0A0540-3F1C-483B-A180-CB78DF424F15}.Debug|x86.Build.0 = Decelerator|Any CPU
		{BA0A0540-3F1C-483B-A180-CB78DF424F15}.Decelerator|Any CPU.ActiveCfg = Decelerator|Any CPU
		{BA0A0540-3F1C-483B-A180-CB78DF424F15}.Decelerator|Any CPU.Build.0 = Decelerator|Any CPU
		{BA0A0540-3F1C-483B-A180-CB78DF424F15}.Decelerator|Mixed Platforms.ActiveCfg = Decelerator|Any CPU
		{BA0A0540-3F1C-483B-A180-CB78DF424F15}.Decelerator|Mixed Platforms.Build.0 = Decelerator|Any CPU
		{BA0A0540-3F1C-483B-A180-CB78DF424F15}.Decelerator|x64.ActiveCfg = Decelerator|Any CPU
		{BA0A0540-3F1C-483B-A180-CB78DF424F15}.Decelerator|x64.Build.0 = Decelerator|Any CPU
		{BA0A0540-3F1C-483B-A180-CB78DF424F15}.Decelerator|x86.ActiveCfg = Decelerator|Any CPU
		{BA0A0540-3F1C-483B-A180-CB78DF424F15}.Decelerator|x86.Build.0 = Decelerator|Any CPU
		{BA0A0540-3F1C-483B-A180-CB78DF424F15}.EDM|Any CPU.ActiveCfg = EDM|Any CPU
		{BA0A0540-3F1C-483B-A180-CB78DF424F15}.EDM|Any CPU.Build.0 = EDM|Any CPU
		{BA0A0540-3F1C-483B-A180-CB78DF424F15}.EDM|Mixed Platforms.ActiveCfg = EDM|Any CPU
		{BA0A0540-3F1C-483B-A180-CB78DF424F15}.EDM|Mixed Platforms.Build.0 = EDM|Any CPU
		{BA0A0540-3F1C-483B-A180-CB78DF424F15}.EDM|x64.ActiveCfg = EDM|Any CPU
		{BA0A0540-3F1C-483B-A180-CB78DF424F15}.EDM|x64.Build.0 = EDM|Any CPU
		{BA0A0540-3F1C-483B-A180-CB78DF424F15}.EDM|x86.ActiveCfg = EDM|Any CPU
		{BA0A0540-3F1C-483B-A180-CB78DF424F15}.EDM|x86.Build.0 = EDM|Any CPU
		{BA0A0540-3F1C-483B-A180-CB78DF424F15}.EDMAnalysis|Any CPU.ActiveCfg = EDMAnalysis|Any CPU
		{BA0A0540-3F1C-483B-A180-CB78DF424F15}.EDMAnalysis|Any CPU.Build.0 = EDMAnalysis|Any CPU
		{BA0A0540-3F1C-483B-A180-CB78DF424F15}.EDMAnalysis|Mixed Platforms.ActiveCfg = EDMAnalysis|Any CPU
		{BA0A0540-3F1C-483B-A180-CB78DF424F15}.EDMAnalysis|Mixed Platforms.Build.0 = EDMAnalysis|Any CPU
		{BA0A0540-3F1C-483B-A180-CB78DF424F15}.EDMAnalysis|x64.ActiveCfg = EDMAnalysis|Any CPU
		{BA0A0540-3F1C-483B-A180-CB78DF424F15}.EDMAnalysis|x64.Build.0 = EDMAnalysis|Any CPU
		{BA0A0540-3F1C-483B-A180-CB78DF424F15}.EDMAnalysis|x86.ActiveCfg = EDMAnalysis|Any CPU
		{BA0A0540-3F1C-483B-A180-CB78DF424F15}.EDMAnalysis|x86.Build.0 = EDMAnalysis|Any CPU
		{BA0A0540-3F1C-483B-A180-CB78DF424F15}.EDMTestCrate|Any CPU.ActiveCfg = EDMTestCrate|Any CPU
		{BA0A0540-3F1C-483B-A180-CB78DF424F15}.EDMTestCrate|Any CPU.Build.0 = EDMTestCrate|Any CPU
		{BA0A0540-3F1C-483B-A180-CB78DF424F15}.EDMTestCrate|Mixed Platforms.ActiveCfg = EDMTestCrate|Any CPU
		{BA0A0540-3F1C-483B-A180-CB78DF424F15}.EDMTestCrate|Mixed Platforms.Build.0 = EDMTestCrate|Any CPU
		{BA0A0540-3F1C-483B-A180-CB78DF424F15}.EDMTestCrate|x64.ActiveCfg = EDMTestCrate|Any CPU
		{BA0A0540-3F1C-483B-A180-CB78DF424F15}.EDMTestCrate|x64.Build.0 = EDMTestCrate|Any CPU
		{BA0A0540-3F1C-483B-A180-CB78DF424F15}.EDMTestCrate|x86.ActiveCfg = EDMTestCrate|Any CPU
		{BA0A0540-3F1C-483B-A180-CB78DF424F15}.EDMTestCrate|x86.Build.0 = EDMTestCrate|Any CPU
		{BA0A0540-3F1C-483B-A180-CB78DF424F15}.Nav|Any CPU.ActiveCfg = Nav|Any CPU
		{BA0A0540-3F1C-483B-A180-CB78DF424F15}.Nav|Any CPU.Build.0 = Nav|Any CPU
		{BA0A0540-3F1C-483B-A180-CB78DF424F15}.Nav|Mixed Platforms.ActiveCfg = Nav|Any CPU
		{BA0A0540-3F1C-483B-A180-CB78DF424F15}.Nav|Mixed Platforms.Build.0 = Nav|Any CPU
		{BA0A0540-3F1C-483B-A180-CB78DF424F15}.Nav|x64.ActiveCfg = Nav|Any CPU
		{BA0A0540-3F1C-483B-A180-CB78DF424F15}.Nav|x64.Build.0 = Nav|Any CPU
		{BA0A0540-3F1C-483B-A180-CB78DF424F15}.Nav|x86.ActiveCfg = Nav|Any CPU
		{BA0A0540-3F1C-483B-A180-CB78DF424F15}.Nav|x86.Build.0 = Nav|Any CPU
		{BA0A0540-3F1C-483B-A180-CB78DF424F15}.Release|Any CPU.ActiveCfg = EDMTestCrate|Any CPU
		{BA0A0540-3F1C-483B-A180-CB78DF424F15}.Release|Any CPU.Build.0 = EDMTestCrate|Any CPU
		{BA0A0540-3F1C-483B-A180-CB78DF424F15}.Release|Mixed Platforms.ActiveCfg = EDMTestCrate|Any CPU
		{BA0A0540-3F1C-483B-A180-CB78DF424F15}.Release|Mixed Platforms.Build.0 = EDMTestCrate|Any CPU
		{BA0A0540-3F1C-483B-A180-CB78DF424F15}.Release|x64.ActiveCfg = EDMTestCrate|Any CPU
		{BA0A0540-3F1C-483B-A180-CB78DF424F15}.Release|x64.Build.0 = EDMTestCrate|Any CPU
		{BA0A0540-3F1C-483B-A180-CB78DF424F15}.Release|x86.ActiveCfg = EDMTestCrate|Any CPU
		{BA0A0540-3F1C-483B-A180-CB78DF424F15}.Release|x86.Build.0 = EDMTestCrate|Any CPU
		{BA0A0540-3F1C-483B-A180-CB78DF424F15}.RFMO|Any CPU.ActiveCfg = EDMTestCrate|Any CPU
		{BA0A0540-3F1C-483B-A180-CB78DF424F15}.RFMO|Any CPU.Build.0 = EDMTestCrate|Any CPU
		{BA0A0540-3F1C-483B-A180-CB78DF424F15}.RFMO|Mixed Platforms.ActiveCfg = EDMTestCrate|Any CPU
		{BA0A0540-3F1C-483B-A180-CB78DF424F15}.RFMO|Mixed Platforms.Build.0 = EDMTestCrate|Any CPU
		{BA0A0540-3F1C-483B-A180-CB78DF424F15}.RFMO|x64.ActiveCfg = EDMTestCrate|Any CPU
		{BA0A0540-3F1C-483B-A180-CB78DF424F15}.RFMO|x64.Build.0 = EDMTestCrate|Any CPU
		{BA0A0540-3F1C-483B-A180-CB78DF424F15}.RFMO|x86.ActiveCfg = EDMTestCrate|Any CPU
		{BA0A0540-3F1C-483B-A180-CB78DF424F15}.RFMO|x86.Build.0 = EDMTestCrate|Any CPU
		{BA0A0540-3F1C-483B-A180-CB78DF424F15}.RFMOT|Any CPU.ActiveCfg = EDMTestCrate|Any CPU
		{BA0A0540-3F1C-483B-A180-CB78DF424F15}.RFMOT|Any CPU.Build.0 = EDMTestCrate|Any CPU
		{BA0A0540-3F1C-483B-A180-CB78DF424F15}.RFMOT|Mixed Platforms.ActiveCfg = EDMTestCrate|Any CPU
		{BA0A0540-3F1C-483B-A180-CB78DF424F15}.RFMOT|Mixed Platforms.Build.0 = EDMTestCrate|Any CPU
		{BA0A0540-3F1C-483B-A180-CB78DF424F15}.RFMOT|x64.ActiveCfg = EDMTestCrate|Any CPU
		{BA0A0540-3F1C-483B-A180-CB78DF424F15}.RFMOT|x64.Build.0 = EDMTestCrate|Any CPU
		{BA0A0540-3F1C-483B-A180-CB78DF424F15}.RFMOT|x86.ActiveCfg = EDMTestCrate|Any CPU
		{BA0A0540-3F1C-483B-A180-CB78DF424F15}.RFMOT|x86.Build.0 = EDMTestCrate|Any CPU
		{BA0A0540-3F1C-483B-A180-CB78DF424F15}.SrF|Any CPU.ActiveCfg = SrF|Any CPU
		{BA0A0540-3F1C-483B-A180-CB78DF424F15}.SrF|Any CPU.Build.0 = SrF|Any CPU
		{BA0A0540-3F1C-483B-A180-CB78DF424F15}.SrF|Mixed Platforms.ActiveCfg = SrF|Any CPU
		{BA0A0540-3F1C-483B-A180-CB78DF424F15}.SrF|Mixed Platforms.Build.0 = SrF|Any CPU
		{BA0A0540-3F1C-483B-A180-CB78DF424F15}.SrF|x64.ActiveCfg = SrF|Any CPU
		{BA0A0540-3F1C-483B-A180-CB78DF424F15}.SrF|x64.Build.0 = SrF|Any CPU
		{BA0A0540-3F1C-483B-A180-CB78DF424F15}.SrF|x86.ActiveCfg = SrF|Any CPU
		{BA0A0540-3F1C-483B-A180-CB78DF424F15}.SrF|x86.Build.0 = SrF|Any CPU
		{BA0A0540-3F1C-483B-A180-CB78DF424F15}.Sympathetic|Any CPU.ActiveCfg = Sympathetic|Any CPU
		{BA0A0540-3F1C-483B-A180-CB78DF424F15}.Sympathetic|Any CPU.Build.0 = Sympathetic|Any CPU
		{BA0A0540-3F1C-483B-A180-CB78DF424F15}.Sympathetic|Mixed Platforms.ActiveCfg = Sympathetic|Any CPU
		{BA0A0540-3F1C-483B-A180-CB78DF424F15}.Sympathetic|Mixed Platforms.Build.0 = Sympathetic|Any CPU
		{BA0A0540-3F1C-483B-A180-CB78DF424F15}.Sympathetic|x64.ActiveCfg = Sympathetic|Any CPU
		{BA0A0540-3F1C-483B-A180-CB78DF424F15}.Sympathetic|x64.Build.0 = Sympathetic|Any CPU
		{BA0A0540-3F1C-483B-A180-CB78DF424F15}.Sympathetic|x86.ActiveCfg = Sympathetic|Any CPU
		{BA0A0540-3F1C-483B-A180-CB78DF424F15}.Sympathetic|x86.Build.0 = Sympathetic|Any CPU
		{BA0A0540-3F1C-483B-A180-CB78DF424F15}.Wavemeter|Any CPU.ActiveCfg = Wavemeter|Any CPU
		{BA0A0540-3F1C-483B-A180-CB78DF424F15}.Wavemeter|Any CPU.Build.0 = Wavemeter|Any CPU
		{BA0A0540-3F1C-483B-A180-CB78DF424F15}.Wavemeter|Mixed Platforms.ActiveCfg = Wavemeter|Any CPU
		{BA0A0540-3F1C-483B-A180-CB78DF424F15}.Wavemeter|Mixed Platforms.Build.0 = Wavemeter|Any CPU
		{BA0A0540-3F1C-483B-A180-CB78DF424F15}.Wavemeter|x64.ActiveCfg = Wavemeter|Any CPU
		{BA0A0540-3F1C-483B-A180-CB78DF424F15}.Wavemeter|x64.Build.0 = Wavemeter|Any CPU
		{BA0A0540-3F1C-483B-A180-CB78DF424F15}.Wavemeter|x86.ActiveCfg = Wavemeter|Any CPU
		{BA0A0540-3F1C-483B-A180-CB78DF424F15}.Wavemeter|x86.Build.0 = Wavemeter|Any CPU
		{496F3872-77E1-4086-8ADF-19F99C2C3195}.AnritsuVNA|Any CPU.ActiveCfg = Release|Any CPU
		{496F3872-77E1-4086-8ADF-19F99C2C3195}.AnritsuVNA|Any CPU.Build.0 = Release|Any CPU
		{496F3872-77E1-4086-8ADF-19F99C2C3195}.AnritsuVNA|Mixed Platforms.ActiveCfg = Release|Any CPU
		{496F3872-77E1-4086-8ADF-19F99C2C3195}.AnritsuVNA|Mixed Platforms.Build.0 = Release|Any CPU
		{496F3872-77E1-4086-8ADF-19F99C2C3195}.AnritsuVNA|x64.ActiveCfg = Release|Any CPU
		{496F3872-77E1-4086-8ADF-19F99C2C3195}.AnritsuVNA|x64.Build.0 = Release|Any CPU
		{496F3872-77E1-4086-8ADF-19F99C2C3195}.AnritsuVNA|x86.ActiveCfg = Release|Any CPU
		{496F3872-77E1-4086-8ADF-19F99C2C3195}.AnritsuVNA|x86.Build.0 = Release|Any CPU
		{496F3872-77E1-4086-8ADF-19F99C2C3195}.Buffer|Any CPU.ActiveCfg = Release|Any CPU
		{496F3872-77E1-4086-8ADF-19F99C2C3195}.Buffer|Any CPU.Build.0 = Release|Any CPU
		{496F3872-77E1-4086-8ADF-19F99C2C3195}.Buffer|Mixed Platforms.ActiveCfg = Release|Any CPU
		{496F3872-77E1-4086-8ADF-19F99C2C3195}.Buffer|Mixed Platforms.Build.0 = Release|Any CPU
		{496F3872-77E1-4086-8ADF-19F99C2C3195}.Buffer|x64.ActiveCfg = Release|Any CPU
		{496F3872-77E1-4086-8ADF-19F99C2C3195}.Buffer|x64.Build.0 = Release|Any CPU
		{496F3872-77E1-4086-8ADF-19F99C2C3195}.Buffer|x86.ActiveCfg = Release|Any CPU
		{496F3872-77E1-4086-8ADF-19F99C2C3195}.Buffer|x86.Build.0 = Release|Any CPU
		{496F3872-77E1-4086-8ADF-19F99C2C3195}.BufferClassic|Any CPU.ActiveCfg = Release|Any CPU
		{496F3872-77E1-4086-8ADF-19F99C2C3195}.BufferClassic|Any CPU.Build.0 = Release|Any CPU
		{496F3872-77E1-4086-8ADF-19F99C2C3195}.BufferClassic|Mixed Platforms.ActiveCfg = Release|Any CPU
		{496F3872-77E1-4086-8ADF-19F99C2C3195}.BufferClassic|Mixed Platforms.Build.0 = Release|Any CPU
		{496F3872-77E1-4086-8ADF-19F99C2C3195}.BufferClassic|x64.ActiveCfg = Release|Any CPU
		{496F3872-77E1-4086-8ADF-19F99C2C3195}.BufferClassic|x64.Build.0 = Release|Any CPU
		{496F3872-77E1-4086-8ADF-19F99C2C3195}.BufferClassic|x86.ActiveCfg = Release|Any CPU
		{496F3872-77E1-4086-8ADF-19F99C2C3195}.BufferClassic|x86.Build.0 = Release|Any CPU
		{496F3872-77E1-4086-8ADF-19F99C2C3195}.CaF|Any CPU.ActiveCfg = Release|Any CPU
		{496F3872-77E1-4086-8ADF-19F99C2C3195}.CaF|Any CPU.Build.0 = Release|Any CPU
		{496F3872-77E1-4086-8ADF-19F99C2C3195}.CaF|Mixed Platforms.ActiveCfg = Release|Any CPU
		{496F3872-77E1-4086-8ADF-19F99C2C3195}.CaF|Mixed Platforms.Build.0 = Release|Any CPU
		{496F3872-77E1-4086-8ADF-19F99C2C3195}.CaF|x64.ActiveCfg = Release|Any CPU
		{496F3872-77E1-4086-8ADF-19F99C2C3195}.CaF|x64.Build.0 = Release|Any CPU
		{496F3872-77E1-4086-8ADF-19F99C2C3195}.CaF|x86.ActiveCfg = Release|Any CPU
		{496F3872-77E1-4086-8ADF-19F99C2C3195}.CaF|x86.Build.0 = Release|Any CPU
		{496F3872-77E1-4086-8ADF-19F99C2C3195}.Debug|Any CPU.ActiveCfg = Debug|Any CPU
		{496F3872-77E1-4086-8ADF-19F99C2C3195}.Debug|Any CPU.Build.0 = Debug|Any CPU
		{496F3872-77E1-4086-8ADF-19F99C2C3195}.Debug|Mixed Platforms.ActiveCfg = Debug|Any CPU
		{496F3872-77E1-4086-8ADF-19F99C2C3195}.Debug|Mixed Platforms.Build.0 = Debug|Any CPU
		{496F3872-77E1-4086-8ADF-19F99C2C3195}.Debug|x64.ActiveCfg = Debug|Any CPU
		{496F3872-77E1-4086-8ADF-19F99C2C3195}.Debug|x64.Build.0 = Debug|Any CPU
		{496F3872-77E1-4086-8ADF-19F99C2C3195}.Debug|x86.ActiveCfg = Debug|Any CPU
		{496F3872-77E1-4086-8ADF-19F99C2C3195}.Debug|x86.Build.0 = Debug|Any CPU
		{496F3872-77E1-4086-8ADF-19F99C2C3195}.Decelerator|Any CPU.ActiveCfg = Debug|Any CPU
		{496F3872-77E1-4086-8ADF-19F99C2C3195}.Decelerator|Any CPU.Build.0 = Debug|Any CPU
		{496F3872-77E1-4086-8ADF-19F99C2C3195}.Decelerator|Mixed Platforms.ActiveCfg = Debug|Any CPU
		{496F3872-77E1-4086-8ADF-19F99C2C3195}.Decelerator|Mixed Platforms.Build.0 = Debug|Any CPU
		{496F3872-77E1-4086-8ADF-19F99C2C3195}.Decelerator|x64.ActiveCfg = Debug|Any CPU
		{496F3872-77E1-4086-8ADF-19F99C2C3195}.Decelerator|x64.Build.0 = Debug|Any CPU
		{496F3872-77E1-4086-8ADF-19F99C2C3195}.Decelerator|x86.ActiveCfg = Debug|Any CPU
		{496F3872-77E1-4086-8ADF-19F99C2C3195}.Decelerator|x86.Build.0 = Debug|Any CPU
		{496F3872-77E1-4086-8ADF-19F99C2C3195}.EDM|Any CPU.ActiveCfg = Release|Any CPU
		{496F3872-77E1-4086-8ADF-19F99C2C3195}.EDM|Any CPU.Build.0 = Release|Any CPU
		{496F3872-77E1-4086-8ADF-19F99C2C3195}.EDM|Mixed Platforms.ActiveCfg = Release|Any CPU
		{496F3872-77E1-4086-8ADF-19F99C2C3195}.EDM|Mixed Platforms.Build.0 = Release|Any CPU
		{496F3872-77E1-4086-8ADF-19F99C2C3195}.EDM|x64.ActiveCfg = Release|Any CPU
		{496F3872-77E1-4086-8ADF-19F99C2C3195}.EDM|x64.Build.0 = Release|Any CPU
		{496F3872-77E1-4086-8ADF-19F99C2C3195}.EDM|x86.ActiveCfg = Release|Any CPU
		{496F3872-77E1-4086-8ADF-19F99C2C3195}.EDM|x86.Build.0 = Release|Any CPU
		{496F3872-77E1-4086-8ADF-19F99C2C3195}.EDMAnalysis|Any CPU.ActiveCfg = Release|Any CPU
		{496F3872-77E1-4086-8ADF-19F99C2C3195}.EDMAnalysis|Any CPU.Build.0 = Release|Any CPU
		{496F3872-77E1-4086-8ADF-19F99C2C3195}.EDMAnalysis|Mixed Platforms.ActiveCfg = Release|Any CPU
		{496F3872-77E1-4086-8ADF-19F99C2C3195}.EDMAnalysis|Mixed Platforms.Build.0 = Release|Any CPU
		{496F3872-77E1-4086-8ADF-19F99C2C3195}.EDMAnalysis|x64.ActiveCfg = Release|Any CPU
		{496F3872-77E1-4086-8ADF-19F99C2C3195}.EDMAnalysis|x64.Build.0 = Release|Any CPU
		{496F3872-77E1-4086-8ADF-19F99C2C3195}.EDMAnalysis|x86.ActiveCfg = Release|Any CPU
		{496F3872-77E1-4086-8ADF-19F99C2C3195}.EDMAnalysis|x86.Build.0 = Release|Any CPU
		{496F3872-77E1-4086-8ADF-19F99C2C3195}.EDMTestCrate|Any CPU.ActiveCfg = Release|Any CPU
		{496F3872-77E1-4086-8ADF-19F99C2C3195}.EDMTestCrate|Any CPU.Build.0 = Release|Any CPU
		{496F3872-77E1-4086-8ADF-19F99C2C3195}.EDMTestCrate|Mixed Platforms.ActiveCfg = Release|Any CPU
		{496F3872-77E1-4086-8ADF-19F99C2C3195}.EDMTestCrate|Mixed Platforms.Build.0 = Release|Any CPU
		{496F3872-77E1-4086-8ADF-19F99C2C3195}.EDMTestCrate|x64.ActiveCfg = Release|Any CPU
		{496F3872-77E1-4086-8ADF-19F99C2C3195}.EDMTestCrate|x64.Build.0 = Release|Any CPU
		{496F3872-77E1-4086-8ADF-19F99C2C3195}.EDMTestCrate|x86.ActiveCfg = Release|Any CPU
		{496F3872-77E1-4086-8ADF-19F99C2C3195}.EDMTestCrate|x86.Build.0 = Release|Any CPU
		{496F3872-77E1-4086-8ADF-19F99C2C3195}.Nav|Any CPU.ActiveCfg = Release|Any CPU
		{496F3872-77E1-4086-8ADF-19F99C2C3195}.Nav|Any CPU.Build.0 = Release|Any CPU
		{496F3872-77E1-4086-8ADF-19F99C2C3195}.Nav|Mixed Platforms.ActiveCfg = Release|Any CPU
		{496F3872-77E1-4086-8ADF-19F99C2C3195}.Nav|Mixed Platforms.Build.0 = Release|Any CPU
		{496F3872-77E1-4086-8ADF-19F99C2C3195}.Nav|x64.ActiveCfg = Release|Any CPU
		{496F3872-77E1-4086-8ADF-19F99C2C3195}.Nav|x64.Build.0 = Release|Any CPU
		{496F3872-77E1-4086-8ADF-19F99C2C3195}.Nav|x86.ActiveCfg = Release|Any CPU
		{496F3872-77E1-4086-8ADF-19F99C2C3195}.Nav|x86.Build.0 = Release|Any CPU
		{496F3872-77E1-4086-8ADF-19F99C2C3195}.Release|Any CPU.ActiveCfg = Release|Any CPU
		{496F3872-77E1-4086-8ADF-19F99C2C3195}.Release|Any CPU.Build.0 = Release|Any CPU
		{496F3872-77E1-4086-8ADF-19F99C2C3195}.Release|Mixed Platforms.ActiveCfg = Release|Any CPU
		{496F3872-77E1-4086-8ADF-19F99C2C3195}.Release|Mixed Platforms.Build.0 = Release|Any CPU
		{496F3872-77E1-4086-8ADF-19F99C2C3195}.Release|x64.ActiveCfg = Release|Any CPU
		{496F3872-77E1-4086-8ADF-19F99C2C3195}.Release|x64.Build.0 = Release|Any CPU
		{496F3872-77E1-4086-8ADF-19F99C2C3195}.Release|x86.ActiveCfg = Release|Any CPU
		{496F3872-77E1-4086-8ADF-19F99C2C3195}.Release|x86.Build.0 = Release|Any CPU
		{496F3872-77E1-4086-8ADF-19F99C2C3195}.RFMO|Any CPU.ActiveCfg = Release|Any CPU
		{496F3872-77E1-4086-8ADF-19F99C2C3195}.RFMO|Any CPU.Build.0 = Release|Any CPU
		{496F3872-77E1-4086-8ADF-19F99C2C3195}.RFMO|Mixed Platforms.ActiveCfg = Release|Any CPU
		{496F3872-77E1-4086-8ADF-19F99C2C3195}.RFMO|Mixed Platforms.Build.0 = Release|Any CPU
		{496F3872-77E1-4086-8ADF-19F99C2C3195}.RFMO|x64.ActiveCfg = Release|Any CPU
		{496F3872-77E1-4086-8ADF-19F99C2C3195}.RFMO|x64.Build.0 = Release|Any CPU
		{496F3872-77E1-4086-8ADF-19F99C2C3195}.RFMO|x86.ActiveCfg = Release|Any CPU
		{496F3872-77E1-4086-8ADF-19F99C2C3195}.RFMO|x86.Build.0 = Release|Any CPU
		{496F3872-77E1-4086-8ADF-19F99C2C3195}.RFMOT|Any CPU.ActiveCfg = Release|Any CPU
		{496F3872-77E1-4086-8ADF-19F99C2C3195}.RFMOT|Any CPU.Build.0 = Release|Any CPU
		{496F3872-77E1-4086-8ADF-19F99C2C3195}.RFMOT|Mixed Platforms.ActiveCfg = Release|Any CPU
		{496F3872-77E1-4086-8ADF-19F99C2C3195}.RFMOT|Mixed Platforms.Build.0 = Release|Any CPU
		{496F3872-77E1-4086-8ADF-19F99C2C3195}.RFMOT|x64.ActiveCfg = Release|Any CPU
		{496F3872-77E1-4086-8ADF-19F99C2C3195}.RFMOT|x64.Build.0 = Release|Any CPU
		{496F3872-77E1-4086-8ADF-19F99C2C3195}.RFMOT|x86.ActiveCfg = Release|Any CPU
		{496F3872-77E1-4086-8ADF-19F99C2C3195}.RFMOT|x86.Build.0 = Release|Any CPU
		{496F3872-77E1-4086-8ADF-19F99C2C3195}.SrF|Any CPU.ActiveCfg = Release|Any CPU
		{496F3872-77E1-4086-8ADF-19F99C2C3195}.SrF|Any CPU.Build.0 = Release|Any CPU
		{496F3872-77E1-4086-8ADF-19F99C2C3195}.SrF|Mixed Platforms.ActiveCfg = Release|Any CPU
		{496F3872-77E1-4086-8ADF-19F99C2C3195}.SrF|Mixed Platforms.Build.0 = Release|Any CPU
		{496F3872-77E1-4086-8ADF-19F99C2C3195}.SrF|x64.ActiveCfg = Release|Any CPU
		{496F3872-77E1-4086-8ADF-19F99C2C3195}.SrF|x64.Build.0 = Release|Any CPU
		{496F3872-77E1-4086-8ADF-19F99C2C3195}.SrF|x86.ActiveCfg = Release|Any CPU
		{496F3872-77E1-4086-8ADF-19F99C2C3195}.SrF|x86.Build.0 = Release|Any CPU
		{496F3872-77E1-4086-8ADF-19F99C2C3195}.Sympathetic|Any CPU.ActiveCfg = Release|Any CPU
		{496F3872-77E1-4086-8ADF-19F99C2C3195}.Sympathetic|Any CPU.Build.0 = Release|Any CPU
		{496F3872-77E1-4086-8ADF-19F99C2C3195}.Sympathetic|Mixed Platforms.ActiveCfg = Release|Any CPU
		{496F3872-77E1-4086-8ADF-19F99C2C3195}.Sympathetic|Mixed Platforms.Build.0 = Release|Any CPU
		{496F3872-77E1-4086-8ADF-19F99C2C3195}.Sympathetic|x64.ActiveCfg = Release|Any CPU
		{496F3872-77E1-4086-8ADF-19F99C2C3195}.Sympathetic|x64.Build.0 = Release|Any CPU
		{496F3872-77E1-4086-8ADF-19F99C2C3195}.Sympathetic|x86.ActiveCfg = Release|Any CPU
		{496F3872-77E1-4086-8ADF-19F99C2C3195}.Sympathetic|x86.Build.0 = Release|Any CPU
		{496F3872-77E1-4086-8ADF-19F99C2C3195}.Wavemeter|Any CPU.ActiveCfg = Release|Any CPU
		{496F3872-77E1-4086-8ADF-19F99C2C3195}.Wavemeter|Any CPU.Build.0 = Release|Any CPU
		{496F3872-77E1-4086-8ADF-19F99C2C3195}.Wavemeter|Mixed Platforms.ActiveCfg = Release|Any CPU
		{496F3872-77E1-4086-8ADF-19F99C2C3195}.Wavemeter|Mixed Platforms.Build.0 = Release|Any CPU
		{496F3872-77E1-4086-8ADF-19F99C2C3195}.Wavemeter|x64.ActiveCfg = Release|Any CPU
		{496F3872-77E1-4086-8ADF-19F99C2C3195}.Wavemeter|x64.Build.0 = Release|Any CPU
		{496F3872-77E1-4086-8ADF-19F99C2C3195}.Wavemeter|x86.ActiveCfg = Release|Any CPU
		{496F3872-77E1-4086-8ADF-19F99C2C3195}.Wavemeter|x86.Build.0 = Release|Any CPU
		{746B85BC-C29B-4E69-9DFF-AE81138AF4F3}.AnritsuVNA|Any CPU.ActiveCfg = Release|Any CPU
		{746B85BC-C29B-4E69-9DFF-AE81138AF4F3}.AnritsuVNA|Any CPU.Build.0 = Release|Any CPU
		{746B85BC-C29B-4E69-9DFF-AE81138AF4F3}.AnritsuVNA|Mixed Platforms.ActiveCfg = Release|Any CPU
		{746B85BC-C29B-4E69-9DFF-AE81138AF4F3}.AnritsuVNA|Mixed Platforms.Build.0 = Release|Any CPU
		{746B85BC-C29B-4E69-9DFF-AE81138AF4F3}.AnritsuVNA|x64.ActiveCfg = Release|Any CPU
		{746B85BC-C29B-4E69-9DFF-AE81138AF4F3}.AnritsuVNA|x64.Build.0 = Release|Any CPU
		{746B85BC-C29B-4E69-9DFF-AE81138AF4F3}.AnritsuVNA|x86.ActiveCfg = Release|Any CPU
		{746B85BC-C29B-4E69-9DFF-AE81138AF4F3}.AnritsuVNA|x86.Build.0 = Release|Any CPU
		{746B85BC-C29B-4E69-9DFF-AE81138AF4F3}.Buffer|Any CPU.ActiveCfg = Release|Any CPU
		{746B85BC-C29B-4E69-9DFF-AE81138AF4F3}.Buffer|Any CPU.Build.0 = Release|Any CPU
		{746B85BC-C29B-4E69-9DFF-AE81138AF4F3}.Buffer|Mixed Platforms.ActiveCfg = Release|Any CPU
		{746B85BC-C29B-4E69-9DFF-AE81138AF4F3}.Buffer|Mixed Platforms.Build.0 = Release|Any CPU
		{746B85BC-C29B-4E69-9DFF-AE81138AF4F3}.Buffer|x64.ActiveCfg = Release|Any CPU
		{746B85BC-C29B-4E69-9DFF-AE81138AF4F3}.Buffer|x64.Build.0 = Release|Any CPU
		{746B85BC-C29B-4E69-9DFF-AE81138AF4F3}.Buffer|x86.ActiveCfg = Release|Any CPU
		{746B85BC-C29B-4E69-9DFF-AE81138AF4F3}.Buffer|x86.Build.0 = Release|Any CPU
		{746B85BC-C29B-4E69-9DFF-AE81138AF4F3}.BufferClassic|Any CPU.ActiveCfg = Release|Any CPU
		{746B85BC-C29B-4E69-9DFF-AE81138AF4F3}.BufferClassic|Any CPU.Build.0 = Release|Any CPU
		{746B85BC-C29B-4E69-9DFF-AE81138AF4F3}.BufferClassic|Mixed Platforms.ActiveCfg = Release|Any CPU
		{746B85BC-C29B-4E69-9DFF-AE81138AF4F3}.BufferClassic|Mixed Platforms.Build.0 = Release|Any CPU
		{746B85BC-C29B-4E69-9DFF-AE81138AF4F3}.BufferClassic|x64.ActiveCfg = Release|Any CPU
		{746B85BC-C29B-4E69-9DFF-AE81138AF4F3}.BufferClassic|x64.Build.0 = Release|Any CPU
		{746B85BC-C29B-4E69-9DFF-AE81138AF4F3}.BufferClassic|x86.ActiveCfg = Release|Any CPU
		{746B85BC-C29B-4E69-9DFF-AE81138AF4F3}.BufferClassic|x86.Build.0 = Release|Any CPU
		{746B85BC-C29B-4E69-9DFF-AE81138AF4F3}.CaF|Any CPU.ActiveCfg = Release|Any CPU
		{746B85BC-C29B-4E69-9DFF-AE81138AF4F3}.CaF|Any CPU.Build.0 = Release|Any CPU
		{746B85BC-C29B-4E69-9DFF-AE81138AF4F3}.CaF|Mixed Platforms.ActiveCfg = Release|Any CPU
		{746B85BC-C29B-4E69-9DFF-AE81138AF4F3}.CaF|Mixed Platforms.Build.0 = Release|Any CPU
		{746B85BC-C29B-4E69-9DFF-AE81138AF4F3}.CaF|x64.ActiveCfg = Release|Any CPU
		{746B85BC-C29B-4E69-9DFF-AE81138AF4F3}.CaF|x64.Build.0 = Release|Any CPU
		{746B85BC-C29B-4E69-9DFF-AE81138AF4F3}.CaF|x86.ActiveCfg = Release|Any CPU
		{746B85BC-C29B-4E69-9DFF-AE81138AF4F3}.CaF|x86.Build.0 = Release|Any CPU
		{746B85BC-C29B-4E69-9DFF-AE81138AF4F3}.Debug|Any CPU.ActiveCfg = Debug|Any CPU
		{746B85BC-C29B-4E69-9DFF-AE81138AF4F3}.Debug|Any CPU.Build.0 = Debug|Any CPU
		{746B85BC-C29B-4E69-9DFF-AE81138AF4F3}.Debug|Mixed Platforms.ActiveCfg = Debug|Any CPU
		{746B85BC-C29B-4E69-9DFF-AE81138AF4F3}.Debug|Mixed Platforms.Build.0 = Debug|Any CPU
		{746B85BC-C29B-4E69-9DFF-AE81138AF4F3}.Debug|x64.ActiveCfg = Debug|Any CPU
		{746B85BC-C29B-4E69-9DFF-AE81138AF4F3}.Debug|x64.Build.0 = Debug|Any CPU
		{746B85BC-C29B-4E69-9DFF-AE81138AF4F3}.Debug|x86.ActiveCfg = Debug|Any CPU
		{746B85BC-C29B-4E69-9DFF-AE81138AF4F3}.Debug|x86.Build.0 = Debug|Any CPU
		{746B85BC-C29B-4E69-9DFF-AE81138AF4F3}.Decelerator|Any CPU.ActiveCfg = Debug|Any CPU
		{746B85BC-C29B-4E69-9DFF-AE81138AF4F3}.Decelerator|Any CPU.Build.0 = Debug|Any CPU
		{746B85BC-C29B-4E69-9DFF-AE81138AF4F3}.Decelerator|Mixed Platforms.ActiveCfg = Debug|Any CPU
		{746B85BC-C29B-4E69-9DFF-AE81138AF4F3}.Decelerator|Mixed Platforms.Build.0 = Debug|Any CPU
		{746B85BC-C29B-4E69-9DFF-AE81138AF4F3}.Decelerator|x64.ActiveCfg = Debug|Any CPU
		{746B85BC-C29B-4E69-9DFF-AE81138AF4F3}.Decelerator|x64.Build.0 = Debug|Any CPU
		{746B85BC-C29B-4E69-9DFF-AE81138AF4F3}.Decelerator|x86.ActiveCfg = Debug|Any CPU
		{746B85BC-C29B-4E69-9DFF-AE81138AF4F3}.Decelerator|x86.Build.0 = Debug|Any CPU
		{746B85BC-C29B-4E69-9DFF-AE81138AF4F3}.EDM|Any CPU.ActiveCfg = Release|Any CPU
		{746B85BC-C29B-4E69-9DFF-AE81138AF4F3}.EDM|Any CPU.Build.0 = Release|Any CPU
		{746B85BC-C29B-4E69-9DFF-AE81138AF4F3}.EDM|Mixed Platforms.ActiveCfg = Release|Any CPU
		{746B85BC-C29B-4E69-9DFF-AE81138AF4F3}.EDM|Mixed Platforms.Build.0 = Release|Any CPU
		{746B85BC-C29B-4E69-9DFF-AE81138AF4F3}.EDM|x64.ActiveCfg = Release|Any CPU
		{746B85BC-C29B-4E69-9DFF-AE81138AF4F3}.EDM|x64.Build.0 = Release|Any CPU
		{746B85BC-C29B-4E69-9DFF-AE81138AF4F3}.EDM|x86.ActiveCfg = Release|Any CPU
		{746B85BC-C29B-4E69-9DFF-AE81138AF4F3}.EDM|x86.Build.0 = Release|Any CPU
		{746B85BC-C29B-4E69-9DFF-AE81138AF4F3}.EDMAnalysis|Any CPU.ActiveCfg = Release|Any CPU
		{746B85BC-C29B-4E69-9DFF-AE81138AF4F3}.EDMAnalysis|Any CPU.Build.0 = Release|Any CPU
		{746B85BC-C29B-4E69-9DFF-AE81138AF4F3}.EDMAnalysis|Mixed Platforms.ActiveCfg = Release|Any CPU
		{746B85BC-C29B-4E69-9DFF-AE81138AF4F3}.EDMAnalysis|Mixed Platforms.Build.0 = Release|Any CPU
		{746B85BC-C29B-4E69-9DFF-AE81138AF4F3}.EDMAnalysis|x64.ActiveCfg = Release|Any CPU
		{746B85BC-C29B-4E69-9DFF-AE81138AF4F3}.EDMAnalysis|x64.Build.0 = Release|Any CPU
		{746B85BC-C29B-4E69-9DFF-AE81138AF4F3}.EDMAnalysis|x86.ActiveCfg = Release|Any CPU
		{746B85BC-C29B-4E69-9DFF-AE81138AF4F3}.EDMAnalysis|x86.Build.0 = Release|Any CPU
		{746B85BC-C29B-4E69-9DFF-AE81138AF4F3}.EDMTestCrate|Any CPU.ActiveCfg = Release|Any CPU
		{746B85BC-C29B-4E69-9DFF-AE81138AF4F3}.EDMTestCrate|Any CPU.Build.0 = Release|Any CPU
		{746B85BC-C29B-4E69-9DFF-AE81138AF4F3}.EDMTestCrate|Mixed Platforms.ActiveCfg = Release|Any CPU
		{746B85BC-C29B-4E69-9DFF-AE81138AF4F3}.EDMTestCrate|Mixed Platforms.Build.0 = Release|Any CPU
		{746B85BC-C29B-4E69-9DFF-AE81138AF4F3}.EDMTestCrate|x64.ActiveCfg = Release|Any CPU
		{746B85BC-C29B-4E69-9DFF-AE81138AF4F3}.EDMTestCrate|x64.Build.0 = Release|Any CPU
		{746B85BC-C29B-4E69-9DFF-AE81138AF4F3}.EDMTestCrate|x86.ActiveCfg = Release|Any CPU
		{746B85BC-C29B-4E69-9DFF-AE81138AF4F3}.EDMTestCrate|x86.Build.0 = Release|Any CPU
		{746B85BC-C29B-4E69-9DFF-AE81138AF4F3}.Nav|Any CPU.ActiveCfg = Release|Any CPU
		{746B85BC-C29B-4E69-9DFF-AE81138AF4F3}.Nav|Any CPU.Build.0 = Release|Any CPU
		{746B85BC-C29B-4E69-9DFF-AE81138AF4F3}.Nav|Mixed Platforms.ActiveCfg = Release|Any CPU
		{746B85BC-C29B-4E69-9DFF-AE81138AF4F3}.Nav|Mixed Platforms.Build.0 = Release|Any CPU
		{746B85BC-C29B-4E69-9DFF-AE81138AF4F3}.Nav|x64.ActiveCfg = Release|Any CPU
		{746B85BC-C29B-4E69-9DFF-AE81138AF4F3}.Nav|x64.Build.0 = Release|Any CPU
		{746B85BC-C29B-4E69-9DFF-AE81138AF4F3}.Nav|x86.ActiveCfg = Release|Any CPU
		{746B85BC-C29B-4E69-9DFF-AE81138AF4F3}.Nav|x86.Build.0 = Release|Any CPU
		{746B85BC-C29B-4E69-9DFF-AE81138AF4F3}.Release|Any CPU.ActiveCfg = Release|Any CPU
		{746B85BC-C29B-4E69-9DFF-AE81138AF4F3}.Release|Any CPU.Build.0 = Release|Any CPU
		{746B85BC-C29B-4E69-9DFF-AE81138AF4F3}.Release|Mixed Platforms.ActiveCfg = Release|Any CPU
		{746B85BC-C29B-4E69-9DFF-AE81138AF4F3}.Release|Mixed Platforms.Build.0 = Release|Any CPU
		{746B85BC-C29B-4E69-9DFF-AE81138AF4F3}.Release|x64.ActiveCfg = Release|Any CPU
		{746B85BC-C29B-4E69-9DFF-AE81138AF4F3}.Release|x64.Build.0 = Release|Any CPU
		{746B85BC-C29B-4E69-9DFF-AE81138AF4F3}.Release|x86.ActiveCfg = Release|Any CPU
		{746B85BC-C29B-4E69-9DFF-AE81138AF4F3}.Release|x86.Build.0 = Release|Any CPU
		{746B85BC-C29B-4E69-9DFF-AE81138AF4F3}.RFMO|Any CPU.ActiveCfg = Release|Any CPU
		{746B85BC-C29B-4E69-9DFF-AE81138AF4F3}.RFMO|Any CPU.Build.0 = Release|Any CPU
		{746B85BC-C29B-4E69-9DFF-AE81138AF4F3}.RFMO|Mixed Platforms.ActiveCfg = Release|Any CPU
		{746B85BC-C29B-4E69-9DFF-AE81138AF4F3}.RFMO|Mixed Platforms.Build.0 = Release|Any CPU
		{746B85BC-C29B-4E69-9DFF-AE81138AF4F3}.RFMO|x64.ActiveCfg = Release|Any CPU
		{746B85BC-C29B-4E69-9DFF-AE81138AF4F3}.RFMO|x64.Build.0 = Release|Any CPU
		{746B85BC-C29B-4E69-9DFF-AE81138AF4F3}.RFMO|x86.ActiveCfg = Release|Any CPU
		{746B85BC-C29B-4E69-9DFF-AE81138AF4F3}.RFMO|x86.Build.0 = Release|Any CPU
		{746B85BC-C29B-4E69-9DFF-AE81138AF4F3}.RFMOT|Any CPU.ActiveCfg = Release|Any CPU
		{746B85BC-C29B-4E69-9DFF-AE81138AF4F3}.RFMOT|Any CPU.Build.0 = Release|Any CPU
		{746B85BC-C29B-4E69-9DFF-AE81138AF4F3}.RFMOT|Mixed Platforms.ActiveCfg = Release|Any CPU
		{746B85BC-C29B-4E69-9DFF-AE81138AF4F3}.RFMOT|Mixed Platforms.Build.0 = Release|Any CPU
		{746B85BC-C29B-4E69-9DFF-AE81138AF4F3}.RFMOT|x64.ActiveCfg = Release|Any CPU
		{746B85BC-C29B-4E69-9DFF-AE81138AF4F3}.RFMOT|x64.Build.0 = Release|Any CPU
		{746B85BC-C29B-4E69-9DFF-AE81138AF4F3}.RFMOT|x86.ActiveCfg = Release|Any CPU
		{746B85BC-C29B-4E69-9DFF-AE81138AF4F3}.RFMOT|x86.Build.0 = Release|Any CPU
		{746B85BC-C29B-4E69-9DFF-AE81138AF4F3}.SrF|Any CPU.ActiveCfg = Release|Any CPU
		{746B85BC-C29B-4E69-9DFF-AE81138AF4F3}.SrF|Any CPU.Build.0 = Release|Any CPU
		{746B85BC-C29B-4E69-9DFF-AE81138AF4F3}.SrF|Mixed Platforms.ActiveCfg = Release|Any CPU
		{746B85BC-C29B-4E69-9DFF-AE81138AF4F3}.SrF|Mixed Platforms.Build.0 = Release|Any CPU
		{746B85BC-C29B-4E69-9DFF-AE81138AF4F3}.SrF|x64.ActiveCfg = Release|Any CPU
		{746B85BC-C29B-4E69-9DFF-AE81138AF4F3}.SrF|x64.Build.0 = Release|Any CPU
		{746B85BC-C29B-4E69-9DFF-AE81138AF4F3}.SrF|x86.ActiveCfg = Release|Any CPU
		{746B85BC-C29B-4E69-9DFF-AE81138AF4F3}.SrF|x86.Build.0 = Release|Any CPU
		{746B85BC-C29B-4E69-9DFF-AE81138AF4F3}.Sympathetic|Any CPU.ActiveCfg = Release|Any CPU
		{746B85BC-C29B-4E69-9DFF-AE81138AF4F3}.Sympathetic|Any CPU.Build.0 = Release|Any CPU
		{746B85BC-C29B-4E69-9DFF-AE81138AF4F3}.Sympathetic|Mixed Platforms.ActiveCfg = Release|Any CPU
		{746B85BC-C29B-4E69-9DFF-AE81138AF4F3}.Sympathetic|Mixed Platforms.Build.0 = Release|Any CPU
		{746B85BC-C29B-4E69-9DFF-AE81138AF4F3}.Sympathetic|x64.ActiveCfg = Release|Any CPU
		{746B85BC-C29B-4E69-9DFF-AE81138AF4F3}.Sympathetic|x64.Build.0 = Release|Any CPU
		{746B85BC-C29B-4E69-9DFF-AE81138AF4F3}.Sympathetic|x86.ActiveCfg = Release|Any CPU
		{746B85BC-C29B-4E69-9DFF-AE81138AF4F3}.Sympathetic|x86.Build.0 = Release|Any CPU
		{746B85BC-C29B-4E69-9DFF-AE81138AF4F3}.Wavemeter|Any CPU.ActiveCfg = Release|Any CPU
		{746B85BC-C29B-4E69-9DFF-AE81138AF4F3}.Wavemeter|Any CPU.Build.0 = Release|Any CPU
		{746B85BC-C29B-4E69-9DFF-AE81138AF4F3}.Wavemeter|Mixed Platforms.ActiveCfg = Release|Any CPU
		{746B85BC-C29B-4E69-9DFF-AE81138AF4F3}.Wavemeter|Mixed Platforms.Build.0 = Release|Any CPU
		{746B85BC-C29B-4E69-9DFF-AE81138AF4F3}.Wavemeter|x64.ActiveCfg = Release|Any CPU
		{746B85BC-C29B-4E69-9DFF-AE81138AF4F3}.Wavemeter|x64.Build.0 = Release|Any CPU
		{746B85BC-C29B-4E69-9DFF-AE81138AF4F3}.Wavemeter|x86.ActiveCfg = Release|Any CPU
		{746B85BC-C29B-4E69-9DFF-AE81138AF4F3}.Wavemeter|x86.Build.0 = Release|Any CPU
	EndGlobalSection
	GlobalSection(SolutionProperties) = preSolution
		HideSolutionNode = FALSE
	EndGlobalSection
	GlobalSection(ExtensibilityGlobals) = postSolution
		SolutionGuid = {0D3CD81E-F57D-4CE0-8CC1-4E1F300428F4}
	EndGlobalSection
EndGlobal
